
Microsoft Visual Studio Solution File, Format Version 12.00
# Visual Studio Version 17
VisualStudioVersion = 17.8.34309.116
MinimumVisualStudioVersion = 10.0.40219.1
Project("{FAE04EC0-301F-11D3-BF4B-00C04F79EFBC}") = "API", "API\API.csproj", "{64F51C6B-DD2D-4625-911F-E9FF32523F9F}"
EndProject
Global
	GlobalSection(SolutionConfigurationPlatforms) = preSolution
		Debug|Any CPU = Debug|Any CPU
		Release|Any CPU = Release|Any CPU
	EndGlobalSection
	GlobalSection(ProjectConfigurationPlatforms) = postSolution
		{64F51C6B-DD2D-4625-911F-E9FF32523F9F}.Debug|Any CPU.ActiveCfg = Debug|Any CPU
		{64F51C6B-DD2D-4625-911F-E9FF32523F9F}.Debug|Any CPU.Build.0 = Debug|Any CPU
		{64F51C6B-DD2D-4625-911F-E9FF32523F9F}.Release|Any CPU.ActiveCfg = Release|Any CPU
		{64F51C6B-DD2D-4625-911F-E9FF32523F9F}.Release|Any CPU.Build.0 = Release|Any CPU
	EndGlobalSection
	GlobalSection(SolutionProperties) = preSolution
		HideSolutionNode = FALSE
	EndGlobalSection
	GlobalSection(ExtensibilityGlobals) = postSolution
		SolutionGuid = {40C59D80-8D22-4BE1-BC99-C8E939F314BF}
	EndGlobalSection
EndGlobal
